
Microsoft Visual Studio Solution File, Format Version 12.00
# Visual Studio Version 16
VisualStudioVersion = 16.0.32413.511
MinimumVisualStudioVersion = 10.0.40219.1
Project("{FAE04EC0-301F-11D3-BF4B-00C04F79EFBC}") = "JustHR", "JustHR\JustHR.csproj", "{087A08A3-39AF-46A6-8906-C240F1DFFE3D}"
EndProject
Global
	GlobalSection(SolutionConfigurationPlatforms) = preSolution
		Debug|Any CPU = Debug|Any CPU
		Release|Any CPU = Release|Any CPU
	EndGlobalSection
	GlobalSection(ProjectConfigurationPlatforms) = postSolution
		{087A08A3-39AF-46A6-8906-C240F1DFFE3D}.Debug|Any CPU.ActiveCfg = Debug|Any CPU
		{087A08A3-39AF-46A6-8906-C240F1DFFE3D}.Debug|Any CPU.Build.0 = Debug|Any CPU
		{087A08A3-39AF-46A6-8906-C240F1DFFE3D}.Release|Any CPU.ActiveCfg = Release|Any CPU
		{087A08A3-39AF-46A6-8906-C240F1DFFE3D}.Release|Any CPU.Build.0 = Release|Any CPU
	EndGlobalSection
	GlobalSection(SolutionProperties) = preSolution
		HideSolutionNode = FALSE
	EndGlobalSection
	GlobalSection(ExtensibilityGlobals) = postSolution
		SolutionGuid = {30203357-19A0-4767-A96A-819C8BE15583}
	EndGlobalSection
EndGlobal
